
Microsoft Visual Studio Solution File, Format Version 12.00
# Visual Studio Version 16
VisualStudioVersion = 16.0.31729.503
MinimumVisualStudioVersion = 10.0.40219.1
Project("{FAE04EC0-301F-11D3-BF4B-00C04F79EFBC}") = "stringOperation", "stringOperation\stringOperation.csproj", "{08E5FBE7-D8ED-4692-AB4C-D39EAC7AA7FD}"
EndProject
Global
	GlobalSection(SolutionConfigurationPlatforms) = preSolution
		Debug|Any CPU = Debug|Any CPU
		Release|Any CPU = Release|Any CPU
	EndGlobalSection
	GlobalSection(ProjectConfigurationPlatforms) = postSolution
		{08E5FBE7-D8ED-4692-AB4C-D39EAC7AA7FD}.Debug|Any CPU.ActiveCfg = Debug|Any CPU
		{08E5FBE7-D8ED-4692-AB4C-D39EAC7AA7FD}.Debug|Any CPU.Build.0 = Debug|Any CPU
		{08E5FBE7-D8ED-4692-AB4C-D39EAC7AA7FD}.Release|Any CPU.ActiveCfg = Release|Any CPU
		{08E5FBE7-D8ED-4692-AB4C-D39EAC7AA7FD}.Release|Any CPU.Build.0 = Release|Any CPU
	EndGlobalSection
	GlobalSection(SolutionProperties) = preSolution
		HideSolutionNode = FALSE
	EndGlobalSection
	GlobalSection(ExtensibilityGlobals) = postSolution
		SolutionGuid = {DA6A4C98-AE97-4BD8-8C92-1506CD86C8B0}
	EndGlobalSection
EndGlobal
